
Microsoft Visual Studio Solution File, Format Version 12.00
# Visual Studio Version 16
VisualStudioVersion = 16.0.31729.503
MinimumVisualStudioVersion = 10.0.40219.1
Project("{FAE04EC0-301F-11D3-BF4B-00C04F79EFBC}") = "WebApplication1", "WebApplication1\WebApplication1.csproj", "{E0653351-658B-450E-8E28-EB9031F5958A}"
EndProject
Project("{FAE04EC0-301F-11D3-BF4B-00C04F79EFBC}") = "BookStore.data", "BookStore.data\BookStore.data.csproj", "{D567CED6-4245-4FC4-B223-5915281F8B24}"
EndProject
Global
	GlobalSection(SolutionConfigurationPlatforms) = preSolution
		Debug|Any CPU = Debug|Any CPU
		Release|Any CPU = Release|Any CPU
	EndGlobalSection
	GlobalSection(ProjectConfigurationPlatforms) = postSolution
		{E0653351-658B-450E-8E28-EB9031F5958A}.Debug|Any CPU.ActiveCfg = Debug|Any CPU
		{E0653351-658B-450E-8E28-EB9031F5958A}.Debug|Any CPU.Build.0 = Debug|Any CPU
		{E0653351-658B-450E-8E28-EB9031F5958A}.Release|Any CPU.ActiveCfg = Release|Any CPU
		{E0653351-658B-450E-8E28-EB9031F5958A}.Release|Any CPU.Build.0 = Release|Any CPU
		{D567CED6-4245-4FC4-B223-5915281F8B24}.Debug|Any CPU.ActiveCfg = Debug|Any CPU
		{D567CED6-4245-4FC4-B223-5915281F8B24}.Debug|Any CPU.Build.0 = Debug|Any CPU
		{D567CED6-4245-4FC4-B223-5915281F8B24}.Release|Any CPU.ActiveCfg = Release|Any CPU
		{D567CED6-4245-4FC4-B223-5915281F8B24}.Release|Any CPU.Build.0 = Release|Any CPU
	EndGlobalSection
	GlobalSection(SolutionProperties) = preSolution
		HideSolutionNode = FALSE
	EndGlobalSection
	GlobalSection(ExtensibilityGlobals) = postSolution
		SolutionGuid = {C85FD64F-D987-4FEE-9204-D0AF8E571D03}
	EndGlobalSection
EndGlobal
